
Microsoft Visual Studio Solution File, Format Version 12.00
# Visual Studio Version 16
VisualStudioVersion = 16.0.30011.22
MinimumVisualStudioVersion = 10.0.40219.1
Project("{FAE04EC0-301F-11D3-BF4B-00C04F79EFBC}") = "Web_UserManagement", "MVC_UI.csproj", "{2EEF7DE2-D757-44F1-9023-858B6AF20989}"
EndProject
Global
	GlobalSection(SolutionConfigurationPlatforms) = preSolution
		Debug|Any CPU = Debug|Any CPU
		Release|Any CPU = Release|Any CPU
	EndGlobalSection
	GlobalSection(ProjectConfigurationPlatforms) = postSolution
		{2EEF7DE2-D757-44F1-9023-858B6AF20989}.Debug|Any CPU.ActiveCfg = Debug|Any CPU
		{2EEF7DE2-D757-44F1-9023-858B6AF20989}.Debug|Any CPU.Build.0 = Debug|Any CPU
		{2EEF7DE2-D757-44F1-9023-858B6AF20989}.Release|Any CPU.ActiveCfg = Release|Any CPU
		{2EEF7DE2-D757-44F1-9023-858B6AF20989}.Release|Any CPU.Build.0 = Release|Any CPU
	EndGlobalSection
	GlobalSection(SolutionProperties) = preSolution
		HideSolutionNode = FALSE
	EndGlobalSection
	GlobalSection(ExtensibilityGlobals) = postSolution
		SolutionGuid = {3E0D1D39-A9AD-4FB3-93DF-636201B15CE7}
	EndGlobalSection
EndGlobal
