
Microsoft Visual Studio Solution File, Format Version 12.00
# Visual Studio Version 16
VisualStudioVersion = 16.0.30011.22
MinimumVisualStudioVersion = 10.0.40219.1
Project("{9A19103F-16F7-4668-BE54-9A1E7A4F7556}") = "UserManagement", "..\SVC_UserManagement\UserManagement.csproj", "{E2FAE9AA-D978-4BBA-96B5-E20648AEEB25}"
EndProject
Project("{9A19103F-16F7-4668-BE54-9A1E7A4F7556}") = "ProductManagementDBEntity", "..\SHR_DBEntity\ProductManagementDBEntity.csproj", "{193E7215-A0A9-4F01-A119-72B030F2C37D}"
EndProject
Project("{9A19103F-16F7-4668-BE54-9A1E7A4F7556}") = "SHR_Model", "..\SHR_Model\SHR_Model.csproj", "{6C019FF7-338F-44B0-8A5B-6CD64E716662}"
EndProject
Project("{9A19103F-16F7-4668-BE54-9A1E7A4F7556}") = "SHR_Utility", "..\SHR_Utility\SHR_Utility.csproj", "{8ECCC54E-E99E-40AA-878B-41AE37BBE75E}"
EndProject
Project("{2150E333-8FDC-42A3-9474-1A3956D46DE8}") = "Tests", "Tests", "{D2E69EF8-D3BD-4C33-9ADB-D558D06668B3}"
EndProject
Project("{9A19103F-16F7-4668-BE54-9A1E7A4F7556}") = "TST_UserManagement", "..\TST_UserManagement\TST_UserManagement.csproj", "{2E15737B-1A7B-4B9C-9831-6B57F8A6D2B7}"
EndProject
Global
	GlobalSection(SolutionConfigurationPlatforms) = preSolution
		Debug|Any CPU = Debug|Any CPU
		Release|Any CPU = Release|Any CPU
	EndGlobalSection
	GlobalSection(ProjectConfigurationPlatforms) = postSolution
		{E2FAE9AA-D978-4BBA-96B5-E20648AEEB25}.Debug|Any CPU.ActiveCfg = Debug|Any CPU
		{E2FAE9AA-D978-4BBA-96B5-E20648AEEB25}.Debug|Any CPU.Build.0 = Debug|Any CPU
		{E2FAE9AA-D978-4BBA-96B5-E20648AEEB25}.Release|Any CPU.ActiveCfg = Release|Any CPU
		{E2FAE9AA-D978-4BBA-96B5-E20648AEEB25}.Release|Any CPU.Build.0 = Release|Any CPU
		{193E7215-A0A9-4F01-A119-72B030F2C37D}.Debug|Any CPU.ActiveCfg = Debug|Any CPU
		{193E7215-A0A9-4F01-A119-72B030F2C37D}.Debug|Any CPU.Build.0 = Debug|Any CPU
		{193E7215-A0A9-4F01-A119-72B030F2C37D}.Release|Any CPU.ActiveCfg = Release|Any CPU
		{193E7215-A0A9-4F01-A119-72B030F2C37D}.Release|Any CPU.Build.0 = Release|Any CPU
		{6C019FF7-338F-44B0-8A5B-6CD64E716662}.Debug|Any CPU.ActiveCfg = Debug|Any CPU
		{6C019FF7-338F-44B0-8A5B-6CD64E716662}.Debug|Any CPU.Build.0 = Debug|Any CPU
		{6C019FF7-338F-44B0-8A5B-6CD64E716662}.Release|Any CPU.ActiveCfg = Release|Any CPU
		{6C019FF7-338F-44B0-8A5B-6CD64E716662}.Release|Any CPU.Build.0 = Release|Any CPU
		{8ECCC54E-E99E-40AA-878B-41AE37BBE75E}.Debug|Any CPU.ActiveCfg = Debug|Any CPU
		{8ECCC54E-E99E-40AA-878B-41AE37BBE75E}.Debug|Any CPU.Build.0 = Debug|Any CPU
		{8ECCC54E-E99E-40AA-878B-41AE37BBE75E}.Release|Any CPU.ActiveCfg = Release|Any CPU
		{8ECCC54E-E99E-40AA-878B-41AE37BBE75E}.Release|Any CPU.Build.0 = Release|Any CPU
		{2E15737B-1A7B-4B9C-9831-6B57F8A6D2B7}.Debug|Any CPU.ActiveCfg = Debug|Any CPU
		{2E15737B-1A7B-4B9C-9831-6B57F8A6D2B7}.Debug|Any CPU.Build.0 = Debug|Any CPU
		{2E15737B-1A7B-4B9C-9831-6B57F8A6D2B7}.Release|Any CPU.ActiveCfg = Release|Any CPU
		{2E15737B-1A7B-4B9C-9831-6B57F8A6D2B7}.Release|Any CPU.Build.0 = Release|Any CPU
	EndGlobalSection
	GlobalSection(SolutionProperties) = preSolution
		HideSolutionNode = FALSE
	EndGlobalSection
	GlobalSection(NestedProjects) = preSolution
		{2E15737B-1A7B-4B9C-9831-6B57F8A6D2B7} = {D2E69EF8-D3BD-4C33-9ADB-D558D06668B3}
	EndGlobalSection
	GlobalSection(ExtensibilityGlobals) = postSolution
		SolutionGuid = {7DAA2582-058F-4AF2-BC67-695439CE9539}
	EndGlobalSection
EndGlobal
